// !$*UTF8*$!
{
	archiveVersion = 1;
	classes = {
	};
	objectVersion = 56;
	objects = {

/* Begin PBXBuildFile section */
		33A0B36E2C4369FF00FFC5F5 /* MainpageView.swift in Sources */ = {isa = PBXBuildFile; fileRef = 33A0B36D2C4369FF00FFC5F5 /* MainpageView.swift */; };
		33DA5DFF2C423D89000FFEDE /* CurateApp.swift in Sources */ = {isa = PBXBuildFile; fileRef = 33DA5DFE2C423D89000FFEDE /* CurateApp.swift */; };
		33DA5E032C423D8A000FFEDE /* Assets.xcassets in Resources */ = {isa = PBXBuildFile; fileRef = 33DA5E022C423D8A000FFEDE /* Assets.xcassets */; };
		33DA5E062C423D8A000FFEDE /* Preview Assets.xcassets in Resources */ = {isa = PBXBuildFile; fileRef = 33DA5E052C423D8A000FFEDE /* Preview Assets.xcassets */; };
		33DA5E082C423D8A000FFEDE /* Persistence.swift in Sources */ = {isa = PBXBuildFile; fileRef = 33DA5E072C423D8A000FFEDE /* Persistence.swift */; };
		33DA5E0B2C423D8A000FFEDE /* Curate.xcdatamodeld in Sources */ = {isa = PBXBuildFile; fileRef = 33DA5E092C423D8A000FFEDE /* Curate.xcdatamodeld */; };
		33DC98572C441D81004D61C4 /* FeaturedShopperView.swift in Sources */ = {isa = PBXBuildFile; fileRef = 33DC98562C441D81004D61C4 /* FeaturedShopperView.swift */; };
		33DC98592C441FED004D61C4 /* TagView.swift in Sources */ = {isa = PBXBuildFile; fileRef = 33DC98582C441FED004D61C4 /* TagView.swift */; };
		33DC985D2C442CB7004D61C4 /* ChatView.swift in Sources */ = {isa = PBXBuildFile; fileRef = 33DC985C2C442CB7004D61C4 /* ChatView.swift */; };
		33DC985F2C442CD7004D61C4 /* LikedView.swift in Sources */ = {isa = PBXBuildFile; fileRef = 33DC985E2C442CD7004D61C4 /* LikedView.swift */; };
		33DC98612C442CDD004D61C4 /* ProfileView.swift in Sources */ = {isa = PBXBuildFile; fileRef = 33DC98602C442CDD004D61C4 /* ProfileView.swift */; };
		33DC98672C443006004D61C4 /* ContentView.swift in Sources */ = {isa = PBXBuildFile; fileRef = 33DC98662C443006004D61C4 /* ContentView.swift */; };
		33DC98692C443068004D61C4 /* TabSelectorView.swift in Sources */ = {isa = PBXBuildFile; fileRef = 33DC98682C443068004D61C4 /* TabSelectorView.swift */; };
		33DC986F2C443AEE004D61C4 /* ContactButtonView.swift in Sources */ = {isa = PBXBuildFile; fileRef = 33DC986E2C443AEE004D61C4 /* ContactButtonView.swift */; };
		33DC98712C4447F5004D61C4 /* InitiateShopView.swift in Sources */ = {isa = PBXBuildFile; fileRef = 33DC98702C4447F5004D61C4 /* InitiateShopView.swift */; };
		33DC98742C444946004D61C4 /* QuestionaireView.swift in Sources */ = {isa = PBXBuildFile; fileRef = 33DC98732C444946004D61C4 /* QuestionaireView.swift */; };
		33DC98762C45C7A5004D61C4 /* SizeButtonView.swift in Sources */ = {isa = PBXBuildFile; fileRef = 33DC98752C45C7A5004D61C4 /* SizeButtonView.swift */; };
/* End PBXBuildFile section */

/* Begin PBXFileReference section */
		33A0B36D2C4369FF00FFC5F5 /* MainpageView.swift */ = {isa = PBXFileReference; lastKnownFileType = sourcecode.swift; path = MainpageView.swift; sourceTree = "<group>"; };
		33DA5DFB2C423D89000FFEDE /* Curate.app */ = {isa = PBXFileReference; explicitFileType = wrapper.application; includeInIndex = 0; path = Curate.app; sourceTree = BUILT_PRODUCTS_DIR; };
		33DA5DFE2C423D89000FFEDE /* CurateApp.swift */ = {isa = PBXFileReference; lastKnownFileType = sourcecode.swift; path = CurateApp.swift; sourceTree = "<group>"; };
		33DA5E022C423D8A000FFEDE /* Assets.xcassets */ = {isa = PBXFileReference; lastKnownFileType = folder.assetcatalog; path = Assets.xcassets; sourceTree = "<group>"; };
		33DA5E052C423D8A000FFEDE /* Preview Assets.xcassets */ = {isa = PBXFileReference; lastKnownFileType = folder.assetcatalog; path = "Preview Assets.xcassets"; sourceTree = "<group>"; };
		33DA5E072C423D8A000FFEDE /* Persistence.swift */ = {isa = PBXFileReference; lastKnownFileType = sourcecode.swift; path = Persistence.swift; sourceTree = "<group>"; };
		33DA5E0A2C423D8A000FFEDE /* Curate.xcdatamodel */ = {isa = PBXFileReference; lastKnownFileType = wrapper.xcdatamodel; path = Curate.xcdatamodel; sourceTree = "<group>"; };
		33DC98562C441D81004D61C4 /* FeaturedShopperView.swift */ = {isa = PBXFileReference; lastKnownFileType = sourcecode.swift; path = FeaturedShopperView.swift; sourceTree = "<group>"; };
		33DC98582C441FED004D61C4 /* TagView.swift */ = {isa = PBXFileReference; lastKnownFileType = sourcecode.swift; path = TagView.swift; sourceTree = "<group>"; };
		33DC985C2C442CB7004D61C4 /* ChatView.swift */ = {isa = PBXFileReference; lastKnownFileType = sourcecode.swift; path = ChatView.swift; sourceTree = "<group>"; };
		33DC985E2C442CD7004D61C4 /* LikedView.swift */ = {isa = PBXFileReference; lastKnownFileType = sourcecode.swift; path = LikedView.swift; sourceTree = "<group>"; };
		33DC98602C442CDD004D61C4 /* ProfileView.swift */ = {isa = PBXFileReference; lastKnownFileType = sourcecode.swift; path = ProfileView.swift; sourceTree = "<group>"; };
		33DC98662C443006004D61C4 /* ContentView.swift */ = {isa = PBXFileReference; lastKnownFileType = sourcecode.swift; path = ContentView.swift; sourceTree = "<group>"; };
		33DC98682C443068004D61C4 /* TabSelectorView.swift */ = {isa = PBXFileReference; lastKnownFileType = sourcecode.swift; path = TabSelectorView.swift; sourceTree = "<group>"; };
		33DC986E2C443AEE004D61C4 /* ContactButtonView.swift */ = {isa = PBXFileReference; lastKnownFileType = sourcecode.swift; path = ContactButtonView.swift; sourceTree = "<group>"; };
		33DC98702C4447F5004D61C4 /* InitiateShopView.swift */ = {isa = PBXFileReference; lastKnownFileType = sourcecode.swift; path = InitiateShopView.swift; sourceTree = "<group>"; };
		33DC98732C444946004D61C4 /* QuestionaireView.swift */ = {isa = PBXFileReference; lastKnownFileType = sourcecode.swift; path = QuestionaireView.swift; sourceTree = "<group>"; };
		33DC98752C45C7A5004D61C4 /* SizeButtonView.swift */ = {isa = PBXFileReference; lastKnownFileType = sourcecode.swift; path = SizeButtonView.swift; sourceTree = "<group>"; };
/* End PBXFileReference section */

/* Begin PBXFrameworksBuildPhase section */
		33DA5DF82C423D89000FFEDE /* Frameworks */ = {
			isa = PBXFrameworksBuildPhase;
			buildActionMask = 2147483647;
			files = (
			);
			runOnlyForDeploymentPostprocessing = 0;
		};
/* End PBXFrameworksBuildPhase section */

/* Begin PBXGroup section */
		331213FB2C5950290031C9F8 /* Chat */ = {
			isa = PBXGroup;
			children = (
				33DC985C2C442CB7004D61C4 /* ChatView.swift */,
			);
			path = Chat;
			sourceTree = "<group>";
		};
		33DA5DF22C423D89000FFEDE = {
			isa = PBXGroup;
			children = (
				33DA5DFD2C423D89000FFEDE /* Curate */,
				33DA5DFC2C423D89000FFEDE /* Products */,
			);
			sourceTree = "<group>";
		};
		33DA5DFC2C423D89000FFEDE /* Products */ = {
			isa = PBXGroup;
			children = (
				33DA5DFB2C423D89000FFEDE /* Curate.app */,
			);
			name = Products;
			sourceTree = "<group>";
		};
		33DA5DFD2C423D89000FFEDE /* Curate */ = {
			isa = PBXGroup;
			children = (
				33DA5DFE2C423D89000FFEDE /* CurateApp.swift */,
				33DC98662C443006004D61C4 /* ContentView.swift */,
				33DC98722C444930004D61C4 /* Style Questionaire */,
				33DC98642C442E95004D61C4 /* Profile View */,
				33DC98652C442EB6004D61C4 /* Featured Shopper */,
				33DC98622C442E7D004D61C4 /* Main View */,
				33DC98632C442E8C004D61C4 /* Liked View */,
				331213FB2C5950290031C9F8 /* Chat */,
				33DA5E022C423D8A000FFEDE /* Assets.xcassets */,
				33DA5E072C423D8A000FFEDE /* Persistence.swift */,
				33DA5E092C423D8A000FFEDE /* Curate.xcdatamodeld */,
				33DA5E042C423D8A000FFEDE /* Preview Content */,
			);
			path = Curate;
			sourceTree = "<group>";
		};
		33DA5E042C423D8A000FFEDE /* Preview Content */ = {
			isa = PBXGroup;
			children = (
				33DA5E052C423D8A000FFEDE /* Preview Assets.xcassets */,
			);
			path = "Preview Content";
			sourceTree = "<group>";
		};
		33DC98622C442E7D004D61C4 /* Main View */ = {
			isa = PBXGroup;
			children = (
				33A0B36D2C4369FF00FFC5F5 /* MainpageView.swift */,
				33DC98682C443068004D61C4 /* TabSelectorView.swift */,
			);
			path = "Main View";
			sourceTree = "<group>";
		};
		33DC98632C442E8C004D61C4 /* Liked View */ = {
			isa = PBXGroup;
			children = (
				33DC985E2C442CD7004D61C4 /* LikedView.swift */,
			);
			path = "Liked View";
			sourceTree = "<group>";
		};
		33DC98642C442E95004D61C4 /* Profile View */ = {
			isa = PBXGroup;
			children = (
				33DC98602C442CDD004D61C4 /* ProfileView.swift */,
			);
			path = "Profile View";
			sourceTree = "<group>";
		};
		33DC98652C442EB6004D61C4 /* Featured Shopper */ = {
			isa = PBXGroup;
			children = (
				33DC98562C441D81004D61C4 /* FeaturedShopperView.swift */,
				33DC98582C441FED004D61C4 /* TagView.swift */,
				33DC986E2C443AEE004D61C4 /* ContactButtonView.swift */,
			);
			path = "Featured Shopper";
			sourceTree = "<group>";
		};
		33DC98722C444930004D61C4 /* Style Questionaire */ = {
			isa = PBXGroup;
			children = (
				33DC98702C4447F5004D61C4 /* InitiateShopView.swift */,
				33DC98732C444946004D61C4 /* QuestionaireView.swift */,
				33DC98752C45C7A5004D61C4 /* SizeButtonView.swift */,
			);
			path = "Style Questionaire";
			sourceTree = "<group>";
		};
/* End PBXGroup section */

/* Begin PBXNativeTarget section */
		33DA5DFA2C423D89000FFEDE /* Curate */ = {
			isa = PBXNativeTarget;
			buildConfigurationList = 33DA5E0E2C423D8A000FFEDE /* Build configuration list for PBXNativeTarget "Curate" */;
			buildPhases = (
				33DA5DF72C423D89000FFEDE /* Sources */,
				33DA5DF82C423D89000FFEDE /* Frameworks */,
				33DA5DF92C423D89000FFEDE /* Resources */,
			);
			buildRules = (
			);
			dependencies = (
			);
			name = Curate;
			productName = Curate;
			productReference = 33DA5DFB2C423D89000FFEDE /* Curate.app */;
			productType = "com.apple.product-type.application";
		};
/* End PBXNativeTarget section */

/* Begin PBXProject section */
		33DA5DF32C423D89000FFEDE /* Project object */ = {
			isa = PBXProject;
			attributes = {
				BuildIndependentTargetsInParallel = 1;
				LastSwiftUpdateCheck = 1540;
				LastUpgradeCheck = 1540;
				TargetAttributes = {
					33DA5DFA2C423D89000FFEDE = {
						CreatedOnToolsVersion = 15.4;
					};
				};
			};
			buildConfigurationList = 33DA5DF62C423D89000FFEDE /* Build configuration list for PBXProject "Curate" */;
			compatibilityVersion = "Xcode 14.0";
			developmentRegion = en;
			hasScannedForEncodings = 0;
			knownRegions = (
				en,
				Base,
			);
			mainGroup = 33DA5DF22C423D89000FFEDE;
			productRefGroup = 33DA5DFC2C423D89000FFEDE /* Products */;
			projectDirPath = "";
			projectRoot = "";
			targets = (
				33DA5DFA2C423D89000FFEDE /* Curate */,
			);
		};
/* End PBXProject section */

/* Begin PBXResourcesBuildPhase section */
		33DA5DF92C423D89000FFEDE /* Resources */ = {
			isa = PBXResourcesBuildPhase;
			buildActionMask = 2147483647;
			files = (
				33DA5E062C423D8A000FFEDE /* Preview Assets.xcassets in Resources */,
				33DA5E032C423D8A000FFEDE /* Assets.xcassets in Resources */,
			);
			runOnlyForDeploymentPostprocessing = 0;
		};
/* End PBXResourcesBuildPhase section */

/* Begin PBXSourcesBuildPhase section */
		33DA5DF72C423D89000FFEDE /* Sources */ = {
			isa = PBXSourcesBuildPhase;
			buildActionMask = 2147483647;
			files = (
				33A0B36E2C4369FF00FFC5F5 /* MainpageView.swift in Sources */,
				33DC98672C443006004D61C4 /* ContentView.swift in Sources */,
				33DA5E082C423D8A000FFEDE /* Persistence.swift in Sources */,
				33DC98712C4447F5004D61C4 /* InitiateShopView.swift in Sources */,
				33DC98692C443068004D61C4 /* TabSelectorView.swift in Sources */,
				33DC98742C444946004D61C4 /* QuestionaireView.swift in Sources */,
				33DC98572C441D81004D61C4 /* FeaturedShopperView.swift in Sources */,
				33DC98762C45C7A5004D61C4 /* SizeButtonView.swift in Sources */,
				33DC986F2C443AEE004D61C4 /* ContactButtonView.swift in Sources */,
				33DC985F2C442CD7004D61C4 /* LikedView.swift in Sources */,
				33DC985D2C442CB7004D61C4 /* ChatView.swift in Sources */,
				33DC98592C441FED004D61C4 /* TagView.swift in Sources */,
				33DA5DFF2C423D89000FFEDE /* CurateApp.swift in Sources */,
				33DC98612C442CDD004D61C4 /* ProfileView.swift in Sources */,
				33DA5E0B2C423D8A000FFEDE /* Curate.xcdatamodeld in Sources */,
			);
			runOnlyForDeploymentPostprocessing = 0;
		};
/* End PBXSourcesBuildPhase section */

/* Begin XCBuildConfiguration section */
		33DA5E0C2C423D8A000FFEDE /* Debug */ = {
			isa = XCBuildConfiguration;
			buildSettings = {
				ALWAYS_SEARCH_USER_PATHS = NO;
				ASSETCATALOG_COMPILER_GENERATE_SWIFT_ASSET_SYMBOL_EXTENSIONS = YES;
				CLANG_ANALYZER_NONNULL = YES;
				CLANG_ANALYZER_NUMBER_OBJECT_CONVERSION = YES_AGGRESSIVE;
				CLANG_CXX_LANGUAGE_STANDARD = "gnu++20";
				CLANG_ENABLE_MODULES = YES;
				CLANG_ENABLE_OBJC_ARC = YES;
				CLANG_ENABLE_OBJC_WEAK = YES;
				CLANG_WARN_BLOCK_CAPTURE_AUTORELEASING = YES;
				CLANG_WARN_BOOL_CONVERSION = YES;
				CLANG_WARN_COMMA = YES;
				CLANG_WARN_CONSTANT_CONVERSION = YES;
				CLANG_WARN_DEPRECATED_OBJC_IMPLEMENTATIONS = YES;
				CLANG_WARN_DIRECT_OBJC_ISA_USAGE = YES_ERROR;
				CLANG_WARN_DOCUMENTATION_COMMENTS = YES;
				CLANG_WARN_EMPTY_BODY = YES;
				CLANG_WARN_ENUM_CONVERSION = YES;
				CLANG_WARN_INFINITE_RECURSION = YES;
				CLANG_WARN_INT_CONVERSION = YES;
				CLANG_WARN_NON_LITERAL_NULL_CONVERSION = YES;
				CLANG_WARN_OBJC_IMPLICIT_RETAIN_SELF = YES;
				CLANG_WARN_OBJC_LITERAL_CONVERSION = YES;
				CLANG_WARN_OBJC_ROOT_CLASS = YES_ERROR;
				CLANG_WARN_QUOTED_INCLUDE_IN_FRAMEWORK_HEADER = YES;
				CLANG_WARN_RANGE_LOOP_ANALYSIS = YES;
				CLANG_WARN_STRICT_PROTOTYPES = YES;
				CLANG_WARN_SUSPICIOUS_MOVE = YES;
				CLANG_WARN_UNGUARDED_AVAILABILITY = YES_AGGRESSIVE;
				CLANG_WARN_UNREACHABLE_CODE = YES;
				CLANG_WARN__DUPLICATE_METHOD_MATCH = YES;
				COPY_PHASE_STRIP = NO;
				DEBUG_INFORMATION_FORMAT = dwarf;
				ENABLE_STRICT_OBJC_MSGSEND = YES;
				ENABLE_TESTABILITY = YES;
				ENABLE_USER_SCRIPT_SANDBOXING = YES;
				GCC_C_LANGUAGE_STANDARD = gnu17;
				GCC_DYNAMIC_NO_PIC = NO;
				GCC_NO_COMMON_BLOCKS = YES;
				GCC_OPTIMIZATION_LEVEL = 0;
				GCC_PREPROCESSOR_DEFINITIONS = (
					"DEBUG=1",
					"$(inherited)",
				);
				GCC_WARN_64_TO_32_BIT_CONVERSION = YES;
				GCC_WARN_ABOUT_RETURN_TYPE = YES_ERROR;
				GCC_WARN_UNDECLARED_SELECTOR = YES;
				GCC_WARN_UNINITIALIZED_AUTOS = YES_AGGRESSIVE;
				GCC_WARN_UNUSED_FUNCTION = YES;
				GCC_WARN_UNUSED_VARIABLE = YES;
				IPHONEOS_DEPLOYMENT_TARGET = 17.5;
				LOCALIZATION_PREFERS_STRING_CATALOGS = YES;
				MTL_ENABLE_DEBUG_INFO = INCLUDE_SOURCE;
				MTL_FAST_MATH = YES;
				ONLY_ACTIVE_ARCH = YES;
				SDKROOT = iphoneos;
				SWIFT_ACTIVE_COMPILATION_CONDITIONS = "DEBUG $(inherited)";
				SWIFT_OPTIMIZATION_LEVEL = "-Onone";
			};
			name = Debug;
		};
		33DA5E0D2C423D8A000FFEDE /* Release */ = {
			isa = XCBuildConfiguration;
			buildSettings = {
				ALWAYS_SEARCH_USER_PATHS = NO;
				ASSETCATALOG_COMPILER_GENERATE_SWIFT_ASSET_SYMBOL_EXTENSIONS = YES;
				CLANG_ANALYZER_NONNULL = YES;
				CLANG_ANALYZER_NUMBER_OBJECT_CONVERSION = YES_AGGRESSIVE;
				CLANG_CXX_LANGUAGE_STANDARD = "gnu++20";
				CLANG_ENABLE_MODULES = YES;
				CLANG_ENABLE_OBJC_ARC = YES;
				CLANG_ENABLE_OBJC_WEAK = YES;
				CLANG_WARN_BLOCK_CAPTURE_AUTORELEASING = YES;
				CLANG_WARN_BOOL_CONVERSION = YES;
				CLANG_WARN_COMMA = YES;
				CLANG_WARN_CONSTANT_CONVERSION = YES;
				CLANG_WARN_DEPRECATED_OBJC_IMPLEMENTATIONS = YES;
				CLANG_WARN_DIRECT_OBJC_ISA_USAGE = YES_ERROR;
				CLANG_WARN_DOCUMENTATION_COMMENTS = YES;
				CLANG_WARN_EMPTY_BODY = YES;
				CLANG_WARN_ENUM_CONVERSION = YES;
				CLANG_WARN_INFINITE_RECURSION = YES;
				CLANG_WARN_INT_CONVERSION = YES;
				CLANG_WARN_NON_LITERAL_NULL_CONVERSION = YES;
				CLANG_WARN_OBJC_IMPLICIT_RETAIN_SELF = YES;
				CLANG_WARN_OBJC_LITERAL_CONVERSION = YES;
				CLANG_WARN_OBJC_ROOT_CLASS = YES_ERROR;
				CLANG_WARN_QUOTED_INCLUDE_IN_FRAMEWORK_HEADER = YES;
				CLANG_WARN_RANGE_LOOP_ANALYSIS = YES;
				CLANG_WARN_STRICT_PROTOTYPES = YES;
				CLANG_WARN_SUSPICIOUS_MOVE = YES;
				CLANG_WARN_UNGUARDED_AVAILABILITY = YES_AGGRESSIVE;
				CLANG_WARN_UNREACHABLE_CODE = YES;
				CLANG_WARN__DUPLICATE_METHOD_MATCH = YES;
				COPY_PHASE_STRIP = NO;
				DEBUG_INFORMATION_FORMAT = "dwarf-with-dsym";
				ENABLE_NS_ASSERTIONS = NO;
				ENABLE_STRICT_OBJC_MSGSEND = YES;
				ENABLE_USER_SCRIPT_SANDBOXING = YES;
				GCC_C_LANGUAGE_STANDARD = gnu17;
				GCC_NO_COMMON_BLOCKS = YES;
				GCC_WARN_64_TO_32_BIT_CONVERSION = YES;
				GCC_WARN_ABOUT_RETURN_TYPE = YES_ERROR;
				GCC_WARN_UNDECLARED_SELECTOR = YES;
				GCC_WARN_UNINITIALIZED_AUTOS = YES_AGGRESSIVE;
				GCC_WARN_UNUSED_FUNCTION = YES;
				GCC_WARN_UNUSED_VARIABLE = YES;
				IPHONEOS_DEPLOYMENT_TARGET = 17.5;
				LOCALIZATION_PREFERS_STRING_CATALOGS = YES;
				MTL_ENABLE_DEBUG_INFO = NO;
				MTL_FAST_MATH = YES;
				SDKROOT = iphoneos;
				SWIFT_COMPILATION_MODE = wholemodule;
				VALIDATE_PRODUCT = YES;
			};
			name = Release;
		};
		33DA5E0F2C423D8A000FFEDE /* Debug */ = {
			isa = XCBuildConfiguration;
			buildSettings = {
				ASSETCATALOG_COMPILER_APPICON_NAME = AppIcon;
				ASSETCATALOG_COMPILER_GLOBAL_ACCENT_COLOR_NAME = AccentColor;
				CODE_SIGN_IDENTITY = "Apple Development";
				CODE_SIGN_STYLE = Manual;
				CURRENT_PROJECT_VERSION = 1;
				DEVELOPMENT_ASSET_PATHS = "\"Curate/Preview Content\"";
				DEVELOPMENT_TEAM = "";
				ENABLE_PREVIEWS = YES;
				GENERATE_INFOPLIST_FILE = YES;
				INFOPLIST_KEY_UIApplicationSceneManifest_Generation = YES;
				INFOPLIST_KEY_UIApplicationSupportsIndirectInputEvents = YES;
				INFOPLIST_KEY_UILaunchScreen_Generation = YES;
				INFOPLIST_KEY_UISupportedInterfaceOrientations_iPad = "UIInterfaceOrientationPortrait UIInterfaceOrientationPortraitUpsideDown UIInterfaceOrientationLandscapeLeft UIInterfaceOrientationLandscapeRight";
				INFOPLIST_KEY_UISupportedInterfaceOrientations_iPhone = "UIInterfaceOrientationPortrait UIInterfaceOrientationLandscapeLeft UIInterfaceOrientationLandscapeRight";
				LD_RUNPATH_SEARCH_PATHS = (
					"$(inherited)",
					"@executable_path/Frameworks",
				);
				MARKETING_VERSION = 1.0;
				PRODUCT_BUNDLE_IDENTIFIER = "Melanie-Ballard.Curate";
				PRODUCT_NAME = "$(TARGET_NAME)";
				PROVISIONING_PROFILE_SPECIFIER = "";
				SWIFT_EMIT_LOC_STRINGS = YES;
				SWIFT_VERSION = 5.0;
				TARGETED_DEVICE_FAMILY = "1,2";
			};
			name = Debug;
		};
		33DA5E102C423D8A000FFEDE /* Release */ = {
			isa = XCBuildConfiguration;
			buildSettings = {
				ASSETCATALOG_COMPILER_APPICON_NAME = AppIcon;
				ASSETCATALOG_COMPILER_GLOBAL_ACCENT_COLOR_NAME = AccentColor;
				CODE_SIGN_IDENTITY = "Apple Development";
				CODE_SIGN_STYLE = Manual;
				CURRENT_PROJECT_VERSION = 1;
				DEVELOPMENT_ASSET_PATHS = "\"Curate/Preview Content\"";
				DEVELOPMENT_TEAM = "";
				ENABLE_PREVIEWS = YES;
				GENERATE_INFOPLIST_FILE = YES;
				INFOPLIST_KEY_UIApplicationSceneManifest_Generation = YES;
				INFOPLIST_KEY_UIApplicationSupportsIndirectInputEvents = YES;
				INFOPLIST_KEY_UILaunchScreen_Generation = YES;
				INFOPLIST_KEY_UISupportedInterfaceOrientations_iPad = "UIInterfaceOrientationPortrait UIInterfaceOrientationPortraitUpsideDown UIInterfaceOrientationLandscapeLeft UIInterfaceOrientationLandscapeRight";
				INFOPLIST_KEY_UISupportedInterfaceOrientations_iPhone = "UIInterfaceOrientationPortrait UIInterfaceOrientationLandscapeLeft UIInterfaceOrientationLandscapeRight";
				LD_RUNPATH_SEARCH_PATHS = (
					"$(inherited)",
					"@executable_path/Frameworks",
				);
				MARKETING_VERSION = 1.0;
				PRODUCT_BUNDLE_IDENTIFIER = "Melanie-Ballard.Curate";
				PRODUCT_NAME = "$(TARGET_NAME)";
				PROVISIONING_PROFILE_SPECIFIER = "";
				SWIFT_EMIT_LOC_STRINGS = YES;
				SWIFT_VERSION = 5.0;
				TARGETED_DEVICE_FAMILY = "1,2";
			};
			name = Release;
		};
/* End XCBuildConfiguration section */

/* Begin XCConfigurationList section */
		33DA5DF62C423D89000FFEDE /* Build configuration list for PBXProject "Curate" */ = {
			isa = XCConfigurationList;
			buildConfigurations = (
				33DA5E0C2C423D8A000FFEDE /* Debug */,
				33DA5E0D2C423D8A000FFEDE /* Release */,
			);
			defaultConfigurationIsVisible = 0;
			defaultConfigurationName = Release;
		};
		33DA5E0E2C423D8A000FFEDE /* Build configuration list for PBXNativeTarget "Curate" */ = {
			isa = XCConfigurationList;
			buildConfigurations = (
				33DA5E0F2C423D8A000FFEDE /* Debug */,
				33DA5E102C423D8A000FFEDE /* Release */,
			);
			defaultConfigurationIsVisible = 0;
			defaultConfigurationName = Release;
		};
/* End XCConfigurationList section */

/* Begin XCVersionGroup section */
		33DA5E092C423D8A000FFEDE /* Curate.xcdatamodeld */ = {
			isa = XCVersionGroup;
			children = (
				33DA5E0A2C423D8A000FFEDE /* Curate.xcdatamodel */,
			);
			currentVersion = 33DA5E0A2C423D8A000FFEDE /* Curate.xcdatamodel */;
			path = Curate.xcdatamodeld;
			sourceTree = "<group>";
			versionGroupType = wrapper.xcdatamodel;
		};
/* End XCVersionGroup section */
	};
	rootObject = 33DA5DF32C423D89000FFEDE /* Project object */;
}
